
Microsoft Visual Studio Solution File, Format Version 12.00
# Visual Studio 14
VisualStudioVersion = 14.0.22013.1
MinimumVisualStudioVersion = 10.0.40219.1
Project("{FAE04EC0-301F-11D3-BF4B-00C04F79EFBC}") = "RefactoringTools", "RefactoringTools\RefactoringTools.csproj", "{32474906-FC94-4378-A57E-643EE2ED9050}"
EndProject
Project("{F184B08F-C81C-45F6-A57F-5ABD9991F28F}") = "RefactoringTools.VB", "RefactoringTools.VB\RefactoringTools.VB.vbproj", "{363D5061-9531-4426-A7E5-46DE03D85F67}"
EndProject
Global
	GlobalSection(SolutionConfigurationPlatforms) = preSolution
		Debug|Any CPU = Debug|Any CPU
		Release|Any CPU = Release|Any CPU
	EndGlobalSection
	GlobalSection(ProjectConfigurationPlatforms) = postSolution
		{32474906-FC94-4378-A57E-643EE2ED9050}.Debug|Any CPU.ActiveCfg = Debug|Any CPU
		{32474906-FC94-4378-A57E-643EE2ED9050}.Debug|Any CPU.Build.0 = Debug|Any CPU
		{32474906-FC94-4378-A57E-643EE2ED9050}.Release|Any CPU.ActiveCfg = Release|Any CPU
		{32474906-FC94-4378-A57E-643EE2ED9050}.Release|Any CPU.Build.0 = Release|Any CPU
		{363D5061-9531-4426-A7E5-46DE03D85F67}.Debug|Any CPU.ActiveCfg = Debug|Any CPU
		{363D5061-9531-4426-A7E5-46DE03D85F67}.Debug|Any CPU.Build.0 = Debug|Any CPU
		{363D5061-9531-4426-A7E5-46DE03D85F67}.Release|Any CPU.ActiveCfg = Release|Any CPU
		{363D5061-9531-4426-A7E5-46DE03D85F67}.Release|Any CPU.Build.0 = Release|Any CPU
	EndGlobalSection
	GlobalSection(SolutionProperties) = preSolution
		HideSolutionNode = FALSE
	EndGlobalSection
EndGlobal
